{
  "name": "lumina-functions",
  "version": "1.0.0",
  "lockfileVersion": 3,
  "requires": true,
  "packages": {
    "": {
      "name": "lumina-functions",
      "dependencies": {
        "@google/genai": "^0.16.0",
        "firebase-admin": "^12.2.0",
        "firebase-functions": "5.0.1"
      },
      "engines": {
        "node": "20"
      }
    },
    "node_modules/@google/genai": {
      "version": "0.16.0",
      "resolved": "https://registry.npmjs.org/@google/genai/-/genai-0.16.0.tgz",
      "integrity": "sha512-Y1jC51Lg0JQS8wzFjiYxU7NO8pLqf+HEjmxBwOWCUNr2ogQYg5ugJvoeF3Rv2i4SFLSg2QImlHLvC32K8Vb4rQ==",
      "engines": {
        "node": ">=18.0.0"
      }
    },
    "node_modules/@types/node": {
      "version": "20.14.9",
      "resolved": "https://registry.npmjs.org/@types/node/-/node-20.14.9.tgz",
      "integrity": "sha512-06OCtnRE3Z1+VEkpoGkCgy3Py269eQ/TKR31S/n6uVw9arEIKj/lZoKgQk2o0TuCscf+E1k5L1k/7IWaGj9xmg==",
      "dependencies": {
        "undici-types": "~5.26.4"
      }
    },
    "node_modules/firebase-admin": {
      "version": "12.2.0",
      "resolved": "https://registry.npmjs.org/firebase-admin/-/firebase-admin-12.2.0.tgz",
      "integrity": "sha512-S9r3WvKMNb1pL8kQ8i5/9Iyl7+b2fP5eBvRDl252isOkcYsO2vJt8cUd26mJ1Vp/4dIUdlxYh5iL9VToa9r+dA==",
      "dependencies": {
        "gcp-metadata": "^6.0.0"
      },
      "engines": {
        "node": ">=18"
      }
    },
    "node_modules/firebase-functions": {
      "version": "5.0.1",
      "resolved": "https://registry.npmjs.org/firebase-functions/-/firebase-functions-5.0.1.tgz",
      "integrity": "sha512-nF3YSPov7Q2F+3TFcI5I3Le2y9P5fClA4jgpP2EKH5hdXp1LSF5Hk61O5tAWtIxxM4I7n9A/9QpXf5I3YEhO2A==",
      "dependencies": {
        "undici": "^6.6.1"
      },
      "engines": {
        "node": ">=18"
      },
      "peerDependencies": {
        "firebase-admin": ">=11.5.0"
      },
      "peerDependenciesMeta": {
        "firebase-admin": {
          "optional": true
        }
      }
    },
    "node_modules/gcp-metadata": {
      "version": "6.1.0",
      "resolved": "https://registry.npmjs.org/gcp-metadata/-/gcp-metadata-6.1.0.tgz",
      "integrity": "sha512-USi+h2j9qiaW0fNq3H9deiMAyQ+K85vMy0z4I40yDEHjOJLlqCAn1GNGb2S6A9e4v6X2ISfI4NF1K45iBvXgQw==",
      "engines": {
        "node": ">=16"
      }
    },
    "node_modules/undici": {
      "version": "6.19.2",
      "resolved": "https://registry.npmjs.org/undici/-/undici-6.19.2.tgz",
      "integrity": "sha512-tQ8r3iZuYpt5w2p23idqfQkOqALr31Pz3s1XfZtPkQxLCEDs11q/nOR/eWJb7ssN4IS54vbsYkVCgc2m8BIIpg==",
      "dependencies": {
        "@types/node": ">=18"
      },
      "engines": {
        "node": ">=18.17"
      }
    },
    "node_modules/undici-types": {
      "version": "5.26.5",
      "resolved": "https://registry.npmjs.org/undici-types/-/undici-types-5.26.5.tgz",
      "integrity": "sha512-gjckBV8EBQHLt3tIaaUEvs6ZB8ZOu12g FirAbx3sK3U9aNfOYAiVQi9vL8BkgCh2stM92dkal1eLI1b6IrmJ2A=="
    }
  }
}
