{
  "name": "lumina-functions",
  "version": "1.0.0",
  "lockfileVersion": 3,
  "requires": true,
  "packages": {
    "": {
      "name": "lumina-functions",
      "version": "1.0.0",
      "dependencies": {
        "@google/genai": "^0.16.0",
        "firebase-admin": "^12.2.0",
        "firebase-functions": "4.9.0"
      },
      "engines": {
        "node": "18"
      }
    },
    "node_modules/@google/genai": {
      "version": "0.16.0",
      "resolved": "https://registry.npmjs.org/@google/genai/-/genai-0.16.0.tgz",
      "integrity": "sha512-Y1jC51Lg0JQS8wzFjiYxU7NO8pLqf+HEjmxBwOWCUNr2ogQYg5ugJvoeF3Rv2i4SFLSg2QImlHLvC32K8Vb4rQ==",
      "engines": {
        "node": ">=18.0.0"
      }
    },
    "node_modules/firebase-admin": {
      "version": "12.2.0",
      "resolved": "https://registry.npmjs.org/firebase-admin/-/firebase-admin-12.2.0.tgz",
      "integrity": "sha512-S9r3WvKMNb1pL8kQ8i5/9Iyl7+b2fP5eBvRDl252isOkcYsO2vJt8cUd26mJ1Vp/4dIUdlxYh5iL9VToa9r+dA==",
      "dependencies": {
        "gcp-metadata": "^6.0.0"
      },
      "engines": {
        "node": ">=18"
      }
    },
    "node_modules/firebase-functions": {
      "version": "4.9.0",
      "resolved": "https://registry.npmjs.org/firebase-functions/-/firebase-functions-4.9.0.tgz",
      "integrity": "sha512-r7GuJfcgJIn300dcqgq5H9fgxSgLfxb3Lg2v1kKb2o9soA2Iowc8p0kCvwRnoWlSp0DqE4Hh/3DssPkvtDkE3Q==",
      "dependencies": {
        "undici": "^5.27.0"
      },
      "engines": {
        "node": ">=18"
      },
      "peerDependencies": {
        "firebase-admin": ">=11.5.0"
      },
      "peerDependenciesMeta": {
        "firebase-admin": {
          "optional": true
        }
      }
    },
    "node_modules/gcp-metadata": {
      "version": "6.1.0",
      "resolved": "https://registry.npmjs.org/gcp-metadata/-/gcp-metadata-6.1.0.tgz",
      "integrity": "sha512-USi+h2j9qiaW0fNq3H9deiMAyQ+K85vMy0z4I40yDEHjOJLlqCAn1GNGb2S6A9e4v6X2ISfI4NF1K45iBvXgQw==",
      "engines": {
        "node": ">=16"
      }
    },
    "node_modules/undici": {
      "version": "5.28.4",
      "resolved": "https://registry.npmjs.org/undici/-/undici-5.28.4.tgz",
      "integrity": "sha512-ce42/2v6m2i8xEm0153nBf4L+5n4yrg8I3w7Al6D9fgnJJTo9S8aWIWb5aQn/40m/1/QxKxYd9u55YoTz9bOfQ==",
      "engines": {
        "node": ">=16.8"
      }
    }
  }
}
