{
  "name": "lumina-functions",
  "version": "1.0.0",
  "lockfileVersion": 3,
  "requires": true,
  "packages": {
    "": {
      "name": "lumina-functions",
      "version": "1.0.0",
      "dependencies": {
        "@google/genai": "0.15.0",
        "firebase-admin": "^12.2.0",
        "firebase-functions": "^5.0.1"
      },
      "engines": {
        "node": "20"
      }
    },
    "node_modules/@google/genai": {
      "version": "0.15.0",
      "resolved": "https://registry.npmjs.org/@google/genai/-/genai-0.15.0.tgz",
      "integrity": "sha512-Vqnq9z++TgP2CDG1M5d6pC4wIzp3p7W6L9K9w90kYnrDGWLcU0vB4Gg5LzI4sNMBGDsYq58T182xV9hF6r/+IA=="
    },
    "node_modules/firebase-admin": {
      "version": "12.2.0",
      "resolved": "https://registry.npmjs.org/firebase-admin/-/firebase-admin-12.2.0.tgz",
      "integrity": "sha512-YsrPlsB62u1GgYq2y/2j1Lw42sWd2VhaXAPU43vPS3vj2J8e+wD2yWp3iZfYj4sflqA+g95cl322i53/WeW/Bw==",
      "dependencies": {
        "jose": "4.15.5"
      },
      "engines": {
        "node": ">=18.0"
      }
    },
    "node_modules/firebase-functions": {
      "version": "5.0.1",
      "resolved": "https://registry.npmjs.org/firebase-functions/-/firebase-functions-5.0.1.tgz",
      "integrity": "sha512-gH+vFvtg87ekdJd7I9DArf2rUI19Lp3zTjO2EjsA9cM34Crp5aahOp32g9VbCpoOWwVODf5qW2pOKT2n03T4/w==",
      "engines": {
        "node": ">=18"
      }
    },
    "node_modules/jose": {
      "version": "4.15.5",
      "resolved": "https://registry.npmjs.org/jose/-/jose-4.15.5.tgz",
      "integrity": "sha512-s4L1jUCM+2a254yK2chU2skn4zY3P2v82F7i0y26732uLMyI98iS5lF+f21k8pD42+7aP8+y4YhY3L5zow==",
      "funding": {
        "url": "https://github.com/sponsors/panva"
      }
    }
  }
}
